dependencies:
- name: postgresql
  repository: https://charts.bitnami.com/bitnami
  version: 10.13.15
- name: redis
  repository: https://charts.bitnami.com/bitnami
  version: 15.6.8
- name: rabbitmq
  repository: https://charts.bitnami.com/bitnami
  version: 8.24.12
digest: sha256:d1e0bee255fdf0915c92cbeea5224feb58411b843e906a9296c8f41e1ea2f750
generated: "2021-12-26T17:47:20.102964-05:00"
