dependencies:
- name: postgresql
  repository: https://kubernetes-charts.storage.googleapis.com/
  version: 8.1.2
- name: redis
  repository: https://kubernetes-charts.storage.googleapis.com/
  version: 10.5.6
digest: sha256:9cbd4f78443fc020e590837a61ebefb7c9e92374157fc1773794cee6569c48ab
generated: "2020-03-03T18:38:16.422097-05:00"
