dependencies:
- name: postgresql
  repository: https://charts.helm.sh/stable
  version: 8.1.2
- name: redis
  repository: https://charts.bitnami.com/bitnami
  version: 10.6.2
- name: rabbitmq
  repository: https://charts.bitnami.com/bitnami
  version: 6.23.0
digest: sha256:48326dbfc43ce4451964e3967458e756360ec122bf98362b8e264df3fc93c0ea
generated: "2021-01-18T15:14:06.395305-05:00"
